
Microsoft Visual Studio Solution File, Format Version 12.00
# Visual Studio Version 17
VisualStudioVersion = 17.9.34723.18
MinimumVisualStudioVersion = 10.0.40219.1
Project("{FAE04EC0-301F-11D3-BF4B-00C04F79EFBC}") = "Week7Ex1", "Week7Ex1\Week7Ex1.csproj", "{6B6415DA-C448-4D2B-847C-ADAF3CA9D27D}"
EndProject
Global
	GlobalSection(SolutionConfigurationPlatforms) = preSolution
		Debug|Any CPU = Debug|Any CPU
		Release|Any CPU = Release|Any CPU
	EndGlobalSection
	GlobalSection(ProjectConfigurationPlatforms) = postSolution
		{6B6415DA-C448-4D2B-847C-ADAF3CA9D27D}.Debug|Any CPU.ActiveCfg = Debug|Any CPU
		{6B6415DA-C448-4D2B-847C-ADAF3CA9D27D}.Debug|Any CPU.Build.0 = Debug|Any CPU
		{6B6415DA-C448-4D2B-847C-ADAF3CA9D27D}.Debug|Any CPU.Deploy.0 = Debug|Any CPU
		{6B6415DA-C448-4D2B-847C-ADAF3CA9D27D}.Release|Any CPU.ActiveCfg = Release|Any CPU
		{6B6415DA-C448-4D2B-847C-ADAF3CA9D27D}.Release|Any CPU.Build.0 = Release|Any CPU
		{6B6415DA-C448-4D2B-847C-ADAF3CA9D27D}.Release|Any CPU.Deploy.0 = Release|Any CPU
	EndGlobalSection
	GlobalSection(SolutionProperties) = preSolution
		HideSolutionNode = FALSE
	EndGlobalSection
	GlobalSection(ExtensibilityGlobals) = postSolution
		SolutionGuid = {7FB71C12-CEF8-4931-89B5-6A210D10D189}
	EndGlobalSection
EndGlobal
